
Microsoft Visual Studio Solution File, Format Version 12.00
# Visual Studio Version 16
VisualStudioVersion = 16.0.31702.278
MinimumVisualStudioVersion = 10.0.40219.1
Project("{FAE04EC0-301F-11D3-BF4B-00C04F79EFBC}") = "WebApp", "WebApp\WebApp.csproj", "{1A4366C9-1169-4D0D-A794-EDD99C4E19AB}"
EndProject
Project("{FAE04EC0-301F-11D3-BF4B-00C04F79EFBC}") = "BD", "BD\BD.csproj", "{BE3ABE62-66C9-429A-91EF-7CE4F29E31BC}"
EndProject
Project("{FAE04EC0-301F-11D3-BF4B-00C04F79EFBC}") = "Entity", "Entity\Entity.csproj", "{B208DA38-6B10-4DAA-9456-D7FD73B36A49}"
EndProject
Project("{FAE04EC0-301F-11D3-BF4B-00C04F79EFBC}") = "WBL", "WBL\WBL.csproj", "{95E15E6D-D1ED-462E-80DB-C752CCE1424F}"
EndProject
Global
	GlobalSection(SolutionConfigurationPlatforms) = preSolution
		Debug|Any CPU = Debug|Any CPU
		Release|Any CPU = Release|Any CPU
	EndGlobalSection
	GlobalSection(ProjectConfigurationPlatforms) = postSolution
		{1A4366C9-1169-4D0D-A794-EDD99C4E19AB}.Debug|Any CPU.ActiveCfg = Debug|Any CPU
		{1A4366C9-1169-4D0D-A794-EDD99C4E19AB}.Debug|Any CPU.Build.0 = Debug|Any CPU
		{1A4366C9-1169-4D0D-A794-EDD99C4E19AB}.Release|Any CPU.ActiveCfg = Release|Any CPU
		{1A4366C9-1169-4D0D-A794-EDD99C4E19AB}.Release|Any CPU.Build.0 = Release|Any CPU
		{BE3ABE62-66C9-429A-91EF-7CE4F29E31BC}.Debug|Any CPU.ActiveCfg = Debug|Any CPU
		{BE3ABE62-66C9-429A-91EF-7CE4F29E31BC}.Debug|Any CPU.Build.0 = Debug|Any CPU
		{BE3ABE62-66C9-429A-91EF-7CE4F29E31BC}.Release|Any CPU.ActiveCfg = Release|Any CPU
		{BE3ABE62-66C9-429A-91EF-7CE4F29E31BC}.Release|Any CPU.Build.0 = Release|Any CPU
		{B208DA38-6B10-4DAA-9456-D7FD73B36A49}.Debug|Any CPU.ActiveCfg = Debug|Any CPU
		{B208DA38-6B10-4DAA-9456-D7FD73B36A49}.Debug|Any CPU.Build.0 = Debug|Any CPU
		{B208DA38-6B10-4DAA-9456-D7FD73B36A49}.Release|Any CPU.ActiveCfg = Release|Any CPU
		{B208DA38-6B10-4DAA-9456-D7FD73B36A49}.Release|Any CPU.Build.0 = Release|Any CPU
		{95E15E6D-D1ED-462E-80DB-C752CCE1424F}.Debug|Any CPU.ActiveCfg = Debug|Any CPU
		{95E15E6D-D1ED-462E-80DB-C752CCE1424F}.Debug|Any CPU.Build.0 = Debug|Any CPU
		{95E15E6D-D1ED-462E-80DB-C752CCE1424F}.Release|Any CPU.ActiveCfg = Release|Any CPU
		{95E15E6D-D1ED-462E-80DB-C752CCE1424F}.Release|Any CPU.Build.0 = Release|Any CPU
	EndGlobalSection
	GlobalSection(SolutionProperties) = preSolution
		HideSolutionNode = FALSE
	EndGlobalSection
	GlobalSection(ExtensibilityGlobals) = postSolution
		SolutionGuid = {CA291097-16DD-4084-B189-73FA719E864D}
	EndGlobalSection
EndGlobal
